
Microsoft Visual Studio Solution File, Format Version 12.00
Project("{FAE04EC0-301F-11D3-BF4B-00C04F79EFBC}") = "Corruption.API", "Corruption.API\Corruption.API.csproj", "{4D245B07-AD60-416F-ABB1-6741F392CD5F}"
EndProject
Project("{FAE04EC0-301F-11D3-BF4B-00C04F79EFBC}") = "Corruption.Core", "Corruption.Core\Corruption.Core.csproj", "{73C422B6-F8C0-46E6-AEC5-A871B8655C11}"
EndProject
Project("{FAE04EC0-301F-11D3-BF4B-00C04F79EFBC}") = "Corruption.Application", "Corruption.Application\Corruption.Application.csproj", "{661E70C6-5F91-4B3D-A456-18AB9A0773E6}"
EndProject
Project("{FAE04EC0-301F-11D3-BF4B-00C04F79EFBC}") = "Corruption.DataAccess", "Corruption.DataAccess\Corruption.DataAccess.csproj", "{90A8B52B-27C6-4EF3-AEC0-1DC5F11BD1D1}"
EndProject
Global
	GlobalSection(SolutionConfigurationPlatforms) = preSolution
		Debug|Any CPU = Debug|Any CPU
		Release|Any CPU = Release|Any CPU
	EndGlobalSection
	GlobalSection(ProjectConfigurationPlatforms) = postSolution
		{4D245B07-AD60-416F-ABB1-6741F392CD5F}.Debug|Any CPU.ActiveCfg = Debug|Any CPU
		{4D245B07-AD60-416F-ABB1-6741F392CD5F}.Debug|Any CPU.Build.0 = Debug|Any CPU
		{4D245B07-AD60-416F-ABB1-6741F392CD5F}.Release|Any CPU.ActiveCfg = Release|Any CPU
		{4D245B07-AD60-416F-ABB1-6741F392CD5F}.Release|Any CPU.Build.0 = Release|Any CPU
		{73C422B6-F8C0-46E6-AEC5-A871B8655C11}.Debug|Any CPU.ActiveCfg = Debug|Any CPU
		{73C422B6-F8C0-46E6-AEC5-A871B8655C11}.Debug|Any CPU.Build.0 = Debug|Any CPU
		{73C422B6-F8C0-46E6-AEC5-A871B8655C11}.Release|Any CPU.ActiveCfg = Release|Any CPU
		{73C422B6-F8C0-46E6-AEC5-A871B8655C11}.Release|Any CPU.Build.0 = Release|Any CPU
		{661E70C6-5F91-4B3D-A456-18AB9A0773E6}.Debug|Any CPU.ActiveCfg = Debug|Any CPU
		{661E70C6-5F91-4B3D-A456-18AB9A0773E6}.Debug|Any CPU.Build.0 = Debug|Any CPU
		{661E70C6-5F91-4B3D-A456-18AB9A0773E6}.Release|Any CPU.ActiveCfg = Release|Any CPU
		{661E70C6-5F91-4B3D-A456-18AB9A0773E6}.Release|Any CPU.Build.0 = Release|Any CPU
		{90A8B52B-27C6-4EF3-AEC0-1DC5F11BD1D1}.Debug|Any CPU.ActiveCfg = Debug|Any CPU
		{90A8B52B-27C6-4EF3-AEC0-1DC5F11BD1D1}.Debug|Any CPU.Build.0 = Debug|Any CPU
		{90A8B52B-27C6-4EF3-AEC0-1DC5F11BD1D1}.Release|Any CPU.ActiveCfg = Release|Any CPU
		{90A8B52B-27C6-4EF3-AEC0-1DC5F11BD1D1}.Release|Any CPU.Build.0 = Release|Any CPU
	EndGlobalSection
EndGlobal
